dependencies:
- name: postgresql
  repository: https://charts.bitnami.com/bitnami
  version: 12.8.2
- name: redis
  repository: https://charts.bitnami.com/bitnami
  version: 17.15.2
- name: result
  repository: file://local-charts/result
  version: 1.0.3
- name: vote
  repository: file://local-charts/vote
  version: 1.0.12
- name: worker
  repository: file://local-charts/worker
  version: 1.0.3
digest: sha256:cbcb084dca568c05aeb218c18ada07ee051c6b7ecb96dbbe55675880f2c5eef7
generated: "2023-09-20T16:33:52.798507-07:00"
