dependencies:
- name: postgresql
  repository: https://charts.bitnami.com/bitnami
  version: 12.8.2
- name: redis
  repository: https://charts.bitnami.com/bitnami
  version: 17.15.2
- name: result
  repository: file://local-charts/result
  version: 1.0.89
- name: vote
  repository: file://local-charts/vote
  version: 1.0.79
- name: worker
  repository: file://local-charts/worker
  version: 1.0.4
digest: sha256:39eba4b387f4a993e91b6cd5fc8f09439d06cab7d322107a4cfe38bc730d9a6b
generated: "2024-08-27T11:04:54.019351-07:00"
