dependencies:
- name: postgresql
  repository: https://charts.bitnami.com/bitnami
  version: 12.8.2
- name: redis
  repository: https://charts.bitnami.com/bitnami
  version: 17.15.2
- name: result
  repository: file://local-charts/result
  version: 1.0.29
- name: vote
  repository: file://local-charts/vote
  version: 1.0.37
- name: worker
  repository: file://local-charts/worker
  version: 1.0.3
digest: sha256:ba8f274e0fe7d7d84cfb67ecf7b375fa6840548487a8328ab4f13a11f89f4d28
generated: "2023-11-28T17:57:19.745389-08:00"
